
Microsoft Visual Studio Solution File, Format Version 12.00
# Visual Studio 15
VisualStudioVersion = 15.0.28307.645
MinimumVisualStudioVersion = 10.0.40219.1
Project("{FAE04EC0-301F-11D3-BF4B-00C04F79EFBC}") = "QuanLyPhanPhanBon", "QuanLyPhanPhanBon\QuanLyPhanPhanBon.csproj", "{6E4D9C05-BCF9-4CF8-B65E-D7AD8365589C}"
EndProject
Global
	GlobalSection(SolutionConfigurationPlatforms) = preSolution
		Debug|Any CPU = Debug|Any CPU
		Release|Any CPU = Release|Any CPU
	EndGlobalSection
	GlobalSection(ProjectConfigurationPlatforms) = postSolution
		{6E4D9C05-BCF9-4CF8-B65E-D7AD8365589C}.Debug|Any CPU.ActiveCfg = Debug|Any CPU
		{6E4D9C05-BCF9-4CF8-B65E-D7AD8365589C}.Debug|Any CPU.Build.0 = Debug|Any CPU
		{6E4D9C05-BCF9-4CF8-B65E-D7AD8365589C}.Release|Any CPU.ActiveCfg = Release|Any CPU
		{6E4D9C05-BCF9-4CF8-B65E-D7AD8365589C}.Release|Any CPU.Build.0 = Release|Any CPU
	EndGlobalSection
	GlobalSection(SolutionProperties) = preSolution
		HideSolutionNode = FALSE
	EndGlobalSection
	GlobalSection(ExtensibilityGlobals) = postSolution
		SolutionGuid = {E26A3D19-08A5-4BFB-A028-7184F7D0C4FB}
	EndGlobalSection
EndGlobal
